PODS:
  - MSImagePickerSheetController (0.1.0)

DEPENDENCIES:
  - MSImagePickerSheetController (from `../`)

EXTERNAL SOURCES:
  MSImagePickerSheetController:
    :path: ../

SPEC CHECKSUMS:
  MSImagePickerSheetController: 0b41220a20a98825560292d7e4a8fd0813b01679

PODFILE CHECKSUM: 90c4f7a086f0736a23504532ed9e6768420b49d7

COCOAPODS: 1.4.0.beta.2
