PODS:
  - MSImagePickerSheetController (0.1.4)

DEPENDENCIES:
  - MSImagePickerSheetController (from `../`)

EXTERNAL SOURCES:
  MSImagePickerSheetController:
    :path: ../

SPEC CHECKSUMS:
  MSImagePickerSheetController: 1dbb71d46e9a4329d7d3d033ed98a87af8e07c31

PODFILE CHECKSUM: 90c4f7a086f0736a23504532ed9e6768420b49d7

COCOAPODS: 1.4.0.beta.2
